// !$*UTF8*$!
{
	archiveVersion = 1;
	classes = {
	};
	objectVersion = 50;
	objects = {

/* Begin PBXBuildFile section */
		5405975F228EED1E002A892A /* AppDelegate.swift in Sources */ = {isa = PBXBuildFile; fileRef = 5405975E228EED1E002A892A /* AppDelegate.swift */; };
		54059761228EED1E002A892A /* ViewController.swift in Sources */ = {isa = PBXBuildFile; fileRef = 54059760228EED1E002A892A /* ViewController.swift */; };
		54059764228EED1E002A892A /* Main.storyboard in Resources */ = {isa = PBXBuildFile; fileRef = 54059762228EED1E002A892A /* Main.storyboard */; };
		54059769228EED1F002A892A /* LaunchScreen.storyboard in Resources */ = {isa = PBXBuildFile; fileRef = 54059767228EED1F002A892A /* LaunchScreen.storyboard */; };
		54076B632309477400C4305D /* SingletonVK.swift in Sources */ = {isa = PBXBuildFile; fileRef = 54076B622309477400C4305D /* SingletonVK.swift */; };
		54094F8822A10DE6001FD4D6 /* ShadowView.swift in Sources */ = {isa = PBXBuildFile; fileRef = 54094F8722A10DE6001FD4D6 /* ShadowView.swift */; };
		54094F8B22A1291D001FD4D6 /* LikeButton.swift in Sources */ = {isa = PBXBuildFile; fileRef = 54094F8A22A1291D001FD4D6 /* LikeButton.swift */; };
		5437105A22AA9BA100582985 /* NewsCell.swift in Sources */ = {isa = PBXBuildFile; fileRef = 5437105922AA9BA100582985 /* NewsCell.swift */; };
		5437105C22AA9DAE00582985 /* NewsModel.swift in Sources */ = {isa = PBXBuildFile; fileRef = 5437105B22AA9DAE00582985 /* NewsModel.swift */; };
		5437106022AAA03300582985 /* NewsViewController.swift in Sources */ = {isa = PBXBuildFile; fileRef = 5437105F22AAA03300582985 /* NewsViewController.swift */; };
		5437106322AAF3FF00582985 /* ImageShadowView.swift in Sources */ = {isa = PBXBuildFile; fileRef = 5437106222AAF3FF00582985 /* ImageShadowView.swift */; };
		5438BFEC22B8198C007F5C42 /* AnimateCollectionViewCell.swift in Sources */ = {isa = PBXBuildFile; fileRef = 5438BFEB22B8198C007F5C42 /* AnimateCollectionViewCell.swift */; };
		5438BFEE22B81A06007F5C42 /* AnimateFlowLayout.swift in Sources */ = {isa = PBXBuildFile; fileRef = 5438BFED22B81A06007F5C42 /* AnimateFlowLayout.swift */; };
		5438BFF022B81A6D007F5C42 /* AnimateViewController.swift in Sources */ = {isa = PBXBuildFile; fileRef = 5438BFEF22B81A6D007F5C42 /* AnimateViewController.swift */; };
		544C5F6222AE4A7700D345DA /* SkrollControl.swift in Sources */ = {isa = PBXBuildFile; fileRef = 544C5F6122AE4A7700D345DA /* SkrollControl.swift */; };
		544C5F6622AEDB3700D345DA /* NewsCollectionViewLayout.swift in Sources */ = {isa = PBXBuildFile; fileRef = 544C5F6522AEDB3700D345DA /* NewsCollectionViewLayout.swift */; };
		546DC1CF22BCE699001C7673 /* CornerNavogationController.swift in Sources */ = {isa = PBXBuildFile; fileRef = 546DC1CE22BCE699001C7673 /* CornerNavogationController.swift */; };
		546DC1D122BCE753001C7673 /* CornerAnimate.swift in Sources */ = {isa = PBXBuildFile; fileRef = 546DC1D022BCE753001C7673 /* CornerAnimate.swift */; };
		546DC1D422BCF58A001C7673 /* AnimateImageController.swift in Sources */ = {isa = PBXBuildFile; fileRef = 546DC1D322BCF58A001C7673 /* AnimateImageController.swift */; };
		546DC1DA22BE2557001C7673 /* LaunchScreen2.xib in Resources */ = {isa = PBXBuildFile; fileRef = 546DC1D922BE2557001C7673 /* LaunchScreen2.xib */; };
		546DC1DC22BE3ED4001C7673 /* AvatarView.swift in Sources */ = {isa = PBXBuildFile; fileRef = 546DC1DB22BE3ED4001C7673 /* AvatarView.swift */; };
		547B6C6B229C07460092EBEA /* CustomViewController.swift in Sources */ = {isa = PBXBuildFile; fileRef = 547B6C6A229C07460092EBEA /* CustomViewController.swift */; };
		547B6C6D229C08190092EBEA /* CoreGraphics.storyboard in Resources */ = {isa = PBXBuildFile; fileRef = 547B6C6C229C08190092EBEA /* CoreGraphics.storyboard */; };
		547B6C71229C35680092EBEA /* ImageView.swift in Sources */ = {isa = PBXBuildFile; fileRef = 547B6C70229C35680092EBEA /* ImageView.swift */; };
		5483886D22942B4C00E76666 /* FriendsViewController.swift in Sources */ = {isa = PBXBuildFile; fileRef = 5483886C22942B4C00E76666 /* FriendsViewController.swift */; };
		5483886F22942B8400E76666 /* FriendsFotoViewController.swift in Sources */ = {isa = PBXBuildFile; fileRef = 5483886E22942B8400E76666 /* FriendsFotoViewController.swift */; };
		5483887122942BE100E76666 /* UserGroupViewController.swift in Sources */ = {isa = PBXBuildFile; fileRef = 5483887022942BE100E76666 /* UserGroupViewController.swift */; };
		5483887322942BF200E76666 /* FindGroupViewController.swift in Sources */ = {isa = PBXBuildFile; fileRef = 5483887222942BF200E76666 /* FindGroupViewController.swift */; };
		549E949A22C20471002B86F3 /* LoadController.swift in Sources */ = {isa = PBXBuildFile; fileRef = 549E949922C20471002B86F3 /* LoadController.swift */; };
		549E949C22C25126002B86F3 /* CustomInteractiveTransition.swift in Sources */ = {isa = PBXBuildFile; fileRef = 549E949B22C25126002B86F3 /* CustomInteractiveTransition.swift */; };
		54A3BF002296847100B49849 /* FriendCell.swift in Sources */ = {isa = PBXBuildFile; fileRef = 54A3BEFF2296847100B49849 /* FriendCell.swift */; };
		54A3BF052296896600B49849 /* ImageCell.swift in Sources */ = {isa = PBXBuildFile; fileRef = 54A3BF042296896600B49849 /* ImageCell.swift */; };
		54A3BF072296919B00B49849 /* GroupCell.swift in Sources */ = {isa = PBXBuildFile; fileRef = 54A3BF062296919B00B49849 /* GroupCell.swift */; };
		54F92A062296AD9F005FCCFA /* Assets.xcassets in Resources */ = {isa = PBXBuildFile; fileRef = 54F92A052296AD9F005FCCFA /* Assets.xcassets */; };
		54F92A082296BA39005FCCFA /* User.swift in Sources */ = {isa = PBXBuildFile; fileRef = 54F92A072296BA39005FCCFA /* User.swift */; };
		54F92A0A2296BA46005FCCFA /* Group.swift in Sources */ = {isa = PBXBuildFile; fileRef = 54F92A092296BA46005FCCFA /* Group.swift */; };
/* End PBXBuildFile section */

/* Begin PBXFileReference section */
		5405975B228EED1E002A892A /* GBVKontakteApp.app */ = {isa = PBXFileReference; explicitFileType = wrapper.application; includeInIndex = 0; path = GBVKontakteApp.app; sourceTree = BUILT_PRODUCTS_DIR; };
		5405975E228EED1E002A892A /* AppDelegate.swift */ = {isa = PBXFileReference; lastKnownFileType = sourcecode.swift; path = AppDelegate.swift; sourceTree = "<group>"; };
		54059760228EED1E002A892A /* ViewController.swift */ = {isa = PBXFileReference; lastKnownFileType = sourcecode.swift; path = ViewController.swift; sourceTree = "<group>"; };
		54059763228EED1E002A892A /* Base */ = {isa = PBXFileReference; lastKnownFileType = file.storyboard; name = Base; path = Base.lproj/Main.storyboard; sourceTree = "<group>"; };
		54059768228EED1F002A892A /* Base */ = {isa = PBXFileReference; lastKnownFileType = file.storyboard; name = Base; path = Base.lproj/LaunchScreen.storyboard; sourceTree = "<group>"; };
		5405976A228EED1F002A892A /* Info.plist */ = {isa = PBXFileReference; lastKnownFileType = text.plist.xml; path = Info.plist; sourceTree = "<group>"; };
		54076B622309477400C4305D /* SingletonVK.swift */ = {isa = PBXFileReference; lastKnownFileType = sourcecode.swift; path = SingletonVK.swift; sourceTree = "<group>"; };
		54094F8722A10DE6001FD4D6 /* ShadowView.swift */ = {isa = PBXFileReference; lastKnownFileType = sourcecode.swift; path = ShadowView.swift; sourceTree = "<group>"; };
		54094F8A22A1291D001FD4D6 /* LikeButton.swift */ = {isa = PBXFileReference; lastKnownFileType = sourcecode.swift; path = LikeButton.swift; sourceTree = "<group>"; };
		5437105922AA9BA100582985 /* NewsCell.swift */ = {isa = PBXFileReference; lastKnownFileType = sourcecode.swift; path = NewsCell.swift; sourceTree = "<group>"; };
		5437105B22AA9DAE00582985 /* NewsModel.swift */ = {isa = PBXFileReference; lastKnownFileType = sourcecode.swift; path = NewsModel.swift; sourceTree = "<group>"; };
		5437105F22AAA03300582985 /* NewsViewController.swift */ = {isa = PBXFileReference; lastKnownFileType = sourcecode.swift; path = NewsViewController.swift; sourceTree = "<group>"; };
		5437106222AAF3FF00582985 /* ImageShadowView.swift */ = {isa = PBXFileReference; lastKnownFileType = sourcecode.swift; path = ImageShadowView.swift; sourceTree = "<group>"; };
		5438BFEB22B8198C007F5C42 /* AnimateCollectionViewCell.swift */ = {isa = PBXFileReference; lastKnownFileType = sourcecode.swift; path = AnimateCollectionViewCell.swift; sourceTree = "<group>"; };
		5438BFED22B81A06007F5C42 /* AnimateFlowLayout.swift */ = {isa = PBXFileReference; lastKnownFileType = sourcecode.swift; path = AnimateFlowLayout.swift; sourceTree = "<group>"; };
		5438BFEF22B81A6D007F5C42 /* AnimateViewController.swift */ = {isa = PBXFileReference; lastKnownFileType = sourcecode.swift; path = AnimateViewController.swift; sourceTree = "<group>"; };
		544C5F6122AE4A7700D345DA /* SkrollControl.swift */ = {isa = PBXFileReference; lastKnownFileType = sourcecode.swift; path = SkrollControl.swift; sourceTree = "<group>"; };
		544C5F6522AEDB3700D345DA /* NewsCollectionViewLayout.swift */ = {isa = PBXFileReference; lastKnownFileType = sourcecode.swift; path = NewsCollectionViewLayout.swift; sourceTree = "<group>"; };
		546DC1CE22BCE699001C7673 /* CornerNavogationController.swift */ = {isa = PBXFileReference; lastKnownFileType = sourcecode.swift; path = CornerNavogationController.swift; sourceTree = "<group>"; };
		546DC1D022BCE753001C7673 /* CornerAnimate.swift */ = {isa = PBXFileReference; lastKnownFileType = sourcecode.swift; path = CornerAnimate.swift; sourceTree = "<group>"; };
		546DC1D322BCF58A001C7673 /* AnimateImageController.swift */ = {isa = PBXFileReference; lastKnownFileType = sourcecode.swift; path = AnimateImageController.swift; sourceTree = "<group>"; };
		546DC1D922BE2557001C7673 /* LaunchScreen2.xib */ = {isa = PBXFileReference; lastKnownFileType = file.xib; path = LaunchScreen2.xib; sourceTree = "<group>"; };
		546DC1DB22BE3ED4001C7673 /* AvatarView.swift */ = {isa = PBXFileReference; lastKnownFileType = sourcecode.swift; path = AvatarView.swift; sourceTree = "<group>"; };
		547B6C6A229C07460092EBEA /* CustomViewController.swift */ = {isa = PBXFileReference; lastKnownFileType = sourcecode.swift; path = CustomViewController.swift; sourceTree = "<group>"; };
		547B6C6C229C08190092EBEA /* CoreGraphics.storyboard */ = {isa = PBXFileReference; lastKnownFileType = file.storyboard; path = CoreGraphics.storyboard; sourceTree = "<group>"; };
		547B6C70229C35680092EBEA /* ImageView.swift */ = {isa = PBXFileReference; lastKnownFileType = sourcecode.swift; path = ImageView.swift; sourceTree = "<group>"; };
		5483886C22942B4C00E76666 /* FriendsViewController.swift */ = {isa = PBXFileReference; lastKnownFileType = sourcecode.swift; path = FriendsViewController.swift; sourceTree = "<group>"; };
		5483886E22942B8400E76666 /* FriendsFotoViewController.swift */ = {isa = PBXFileReference; lastKnownFileType = sourcecode.swift; path = FriendsFotoViewController.swift; sourceTree = "<group>"; };
		5483887022942BE100E76666 /* UserGroupViewController.swift */ = {isa = PBXFileReference; lastKnownFileType = sourcecode.swift; path = UserGroupViewController.swift; sourceTree = "<group>"; };
		5483887222942BF200E76666 /* FindGroupViewController.swift */ = {isa = PBXFileReference; lastKnownFileType = sourcecode.swift; path = FindGroupViewController.swift; sourceTree = "<group>"; };
		549E949922C20471002B86F3 /* LoadController.swift */ = {isa = PBXFileReference; lastKnownFileType = sourcecode.swift; path = LoadController.swift; sourceTree = "<group>"; };
		549E949B22C25126002B86F3 /* CustomInteractiveTransition.swift */ = {isa = PBXFileReference; lastKnownFileType = sourcecode.swift; path = CustomInteractiveTransition.swift; sourceTree = "<group>"; };
		54A3BEFF2296847100B49849 /* FriendCell.swift */ = {isa = PBXFileReference; lastKnownFileType = sourcecode.swift; path = FriendCell.swift; sourceTree = "<group>"; };
		54A3BF042296896600B49849 /* ImageCell.swift */ = {isa = PBXFileReference; lastKnownFileType = sourcecode.swift; path = ImageCell.swift; sourceTree = "<group>"; };
		54A3BF062296919B00B49849 /* GroupCell.swift */ = {isa = PBXFileReference; lastKnownFileType = sourcecode.swift; path = GroupCell.swift; sourceTree = "<group>"; };
		54F92A052296AD9F005FCCFA /* Assets.xcassets */ = {isa = PBXFileReference; lastKnownFileType = folder.assetcatalog; path = Assets.xcassets; sourceTree = "<group>"; };
		54F92A072296BA39005FCCFA /* User.swift */ = {isa = PBXFileReference; lastKnownFileType = sourcecode.swift; path = User.swift; sourceTree = "<group>"; };
		54F92A092296BA46005FCCFA /* Group.swift */ = {isa = PBXFileReference; lastKnownFileType = sourcecode.swift; path = Group.swift; sourceTree = "<group>"; };
/* End PBXFileReference section */

/* Begin PBXFrameworksBuildPhase section */
		54059758228EED1E002A892A /* Frameworks */ = {
			isa = PBXFrameworksBuildPhase;
			buildActionMask = 2147483647;
			files = (
			);
			runOnlyForDeploymentPostprocessing = 0;
		};
/* End PBXFrameworksBuildPhase section */

/* Begin PBXGroup section */
		54059752228EED1E002A892A = {
			isa = PBXGroup;
			children = (
				5405975D228EED1E002A892A /* GBVKontakteApp */,
				5405975C228EED1E002A892A /* Products */,
			);
			sourceTree = "<group>";
		};
		5405975C228EED1E002A892A /* Products */ = {
			isa = PBXGroup;
			children = (
				5405975B228EED1E002A892A /* GBVKontakteApp.app */,
			);
			name = Products;
			sourceTree = "<group>";
		};
		5405975D228EED1E002A892A /* GBVKontakteApp */ = {
			isa = PBXGroup;
			children = (
				54094F8922A115C6001FD4D6 /* Archiv */,
				5405975E228EED1E002A892A /* AppDelegate.swift */,
				5483887422942C1500E76666 /* Controllers */,
				5437105822AA9A6000582985 /* Views */,
				54A3BF03229685D000B49849 /* Cells */,
				54F92A0B2296BA70005FCCFA /* Models */,
				5437106122AAEE4D00582985 /* Control */,
				546DC1CD22BCE633001C7673 /* NavigationControllers */,
				546DC1D222BCECE2001C7673 /* Base */,
				54F92A052296AD9F005FCCFA /* Assets.xcassets */,
				5405976A228EED1F002A892A /* Info.plist */,
				544C5F6522AEDB3700D345DA /* NewsCollectionViewLayout.swift */,
				5438BFED22B81A06007F5C42 /* AnimateFlowLayout.swift */,
				54076B622309477400C4305D /* SingletonVK.swift */,
			);
			path = GBVKontakteApp;
			sourceTree = "<group>";
		};
		54094F8922A115C6001FD4D6 /* Archiv */ = {
			isa = PBXGroup;
			children = (
				547B6C6A229C07460092EBEA /* CustomViewController.swift */,
				547B6C6C229C08190092EBEA /* CoreGraphics.storyboard */,
				546DC1DB22BE3ED4001C7673 /* AvatarView.swift */,
			);
			path = Archiv;
			sourceTree = "<group>";
		};
		5437105822AA9A6000582985 /* Views */ = {
			isa = PBXGroup;
			children = (
				547B6C70229C35680092EBEA /* ImageView.swift */,
				54094F8722A10DE6001FD4D6 /* ShadowView.swift */,
				5437106222AAF3FF00582985 /* ImageShadowView.swift */,
			);
			path = Views;
			sourceTree = "<group>";
		};
		5437106122AAEE4D00582985 /* Control */ = {
			isa = PBXGroup;
			children = (
				54094F8A22A1291D001FD4D6 /* LikeButton.swift */,
				544C5F6122AE4A7700D345DA /* SkrollControl.swift */,
			);
			path = Control;
			sourceTree = "<group>";
		};
		546DC1CD22BCE633001C7673 /* NavigationControllers */ = {
			isa = PBXGroup;
			children = (
				546DC1CE22BCE699001C7673 /* CornerNavogationController.swift */,
				546DC1D022BCE753001C7673 /* CornerAnimate.swift */,
				549E949B22C25126002B86F3 /* CustomInteractiveTransition.swift */,
			);
			path = NavigationControllers;
			sourceTree = "<group>";
		};
		546DC1D222BCECE2001C7673 /* Base */ = {
			isa = PBXGroup;
			children = (
				54059762228EED1E002A892A /* Main.storyboard */,
				54059767228EED1F002A892A /* LaunchScreen.storyboard */,
				546DC1D922BE2557001C7673 /* LaunchScreen2.xib */,
			);
			path = Base;
			sourceTree = "<group>";
		};
		5483887422942C1500E76666 /* Controllers */ = {
			isa = PBXGroup;
			children = (
				54059760228EED1E002A892A /* ViewController.swift */,
				5483886C22942B4C00E76666 /* FriendsViewController.swift */,
				5483886E22942B8400E76666 /* FriendsFotoViewController.swift */,
				5483887022942BE100E76666 /* UserGroupViewController.swift */,
				5483887222942BF200E76666 /* FindGroupViewController.swift */,
				5437105F22AAA03300582985 /* NewsViewController.swift */,
				5438BFEF22B81A6D007F5C42 /* AnimateViewController.swift */,
				546DC1D322BCF58A001C7673 /* AnimateImageController.swift */,
				549E949922C20471002B86F3 /* LoadController.swift */,
			);
			path = Controllers;
			sourceTree = "<group>";
		};
		54A3BF03229685D000B49849 /* Cells */ = {
			isa = PBXGroup;
			children = (
				54A3BEFF2296847100B49849 /* FriendCell.swift */,
				54A3BF042296896600B49849 /* ImageCell.swift */,
				54A3BF062296919B00B49849 /* GroupCell.swift */,
				5437105922AA9BA100582985 /* NewsCell.swift */,
				5438BFEB22B8198C007F5C42 /* AnimateCollectionViewCell.swift */,
			);
			path = Cells;
			sourceTree = "<group>";
		};
		54F92A0B2296BA70005FCCFA /* Models */ = {
			isa = PBXGroup;
			children = (
				54F92A072296BA39005FCCFA /* User.swift */,
				54F92A092296BA46005FCCFA /* Group.swift */,
				5437105B22AA9DAE00582985 /* NewsModel.swift */,
			);
			path = Models;
			sourceTree = "<group>";
		};
/* End PBXGroup section */

/* Begin PBXNativeTarget section */
		5405975A228EED1E002A892A /* GBVKontakteApp */ = {
			isa = PBXNativeTarget;
			buildConfigurationList = 5405976D228EED1F002A892A /* Build configuration list for PBXNativeTarget "GBVKontakteApp" */;
			buildPhases = (
				54059757228EED1E002A892A /* Sources */,
				54059758228EED1E002A892A /* Frameworks */,
				54059759228EED1E002A892A /* Resources */,
			);
			buildRules = (
			);
			dependencies = (
			);
			name = GBVKontakteApp;
			productName = GBVKontakteApp2;
			productReference = 5405975B228EED1E002A892A /* GBVKontakteApp.app */;
			productType = "com.apple.product-type.application";
		};
/* End PBXNativeTarget section */

/* Begin PBXProject section */
		54059753228EED1E002A892A /* Project object */ = {
			isa = PBXProject;
			attributes = {
				LastSwiftUpdateCheck = 1020;
				LastUpgradeCheck = 1020;
				ORGANIZATIONNAME = Dmitry;
				TargetAttributes = {
					5405975A228EED1E002A892A = {
						CreatedOnToolsVersion = 10.2.1;
					};
				};
			};
			buildConfigurationList = 54059756228EED1E002A892A /* Build configuration list for PBXProject "GBVKontakteApp" */;
			compatibilityVersion = "Xcode 9.3";
			developmentRegion = en;
			hasScannedForEncodings = 0;
			knownRegions = (
				en,
				Base,
			);
			mainGroup = 54059752228EED1E002A892A;
			productRefGroup = 5405975C228EED1E002A892A /* Products */;
			projectDirPath = "";
			projectRoot = "";
			targets = (
				5405975A228EED1E002A892A /* GBVKontakteApp */,
			);
		};
/* End PBXProject section */

/* Begin PBXResourcesBuildPhase section */
		54059759228EED1E002A892A /* Resources */ = {
			isa = PBXResourcesBuildPhase;
			buildActionMask = 2147483647;
			files = (
				546DC1DA22BE2557001C7673 /* LaunchScreen2.xib in Resources */,
				547B6C6D229C08190092EBEA /* CoreGraphics.storyboard in Resources */,
				54059769228EED1F002A892A /* LaunchScreen.storyboard in Resources */,
				54F92A062296AD9F005FCCFA /* Assets.xcassets in Resources */,
				54059764228EED1E002A892A /* Main.storyboard in Resources */,
			);
			runOnlyForDeploymentPostprocessing = 0;
		};
/* End PBXResourcesBuildPhase section */

/* Begin PBXSourcesBuildPhase section */
		54059757228EED1E002A892A /* Sources */ = {
			isa = PBXSourcesBuildPhase;
			buildActionMask = 2147483647;
			files = (
				54076B632309477400C4305D /* SingletonVK.swift in Sources */,
				549E949A22C20471002B86F3 /* LoadController.swift in Sources */,
				54F92A0A2296BA46005FCCFA /* Group.swift in Sources */,
				5437106322AAF3FF00582985 /* ImageShadowView.swift in Sources */,
				54A3BF072296919B00B49849 /* GroupCell.swift in Sources */,
				54A3BF002296847100B49849 /* FriendCell.swift in Sources */,
				547B6C6B229C07460092EBEA /* CustomViewController.swift in Sources */,
				544C5F6622AEDB3700D345DA /* NewsCollectionViewLayout.swift in Sources */,
				547B6C71229C35680092EBEA /* ImageView.swift in Sources */,
				549E949C22C25126002B86F3 /* CustomInteractiveTransition.swift in Sources */,
				5483886F22942B8400E76666 /* FriendsFotoViewController.swift in Sources */,
				5437105A22AA9BA100582985 /* NewsCell.swift in Sources */,
				546DC1DC22BE3ED4001C7673 /* AvatarView.swift in Sources */,
				54094F8822A10DE6001FD4D6 /* ShadowView.swift in Sources */,
				5438BFEC22B8198C007F5C42 /* AnimateCollectionViewCell.swift in Sources */,
				54A3BF052296896600B49849 /* ImageCell.swift in Sources */,
				546DC1D122BCE753001C7673 /* CornerAnimate.swift in Sources */,
				5438BFF022B81A6D007F5C42 /* AnimateViewController.swift in Sources */,
				54059761228EED1E002A892A /* ViewController.swift in Sources */,
				5483886D22942B4C00E76666 /* FriendsViewController.swift in Sources */,
				5483887322942BF200E76666 /* FindGroupViewController.swift in Sources */,
				546DC1D422BCF58A001C7673 /* AnimateImageController.swift in Sources */,
				5405975F228EED1E002A892A /* AppDelegate.swift in Sources */,
				544C5F6222AE4A7700D345DA /* SkrollControl.swift in Sources */,
				5437105C22AA9DAE00582985 /* NewsModel.swift in Sources */,
				5438BFEE22B81A06007F5C42 /* AnimateFlowLayout.swift in Sources */,
				54F92A082296BA39005FCCFA /* User.swift in Sources */,
				5437106022AAA03300582985 /* NewsViewController.swift in Sources */,
				54094F8B22A1291D001FD4D6 /* LikeButton.swift in Sources */,
				5483887122942BE100E76666 /* UserGroupViewController.swift in Sources */,
				546DC1CF22BCE699001C7673 /* CornerNavogationController.swift in Sources */,
			);
			runOnlyForDeploymentPostprocessing = 0;
		};
/* End PBXSourcesBuildPhase section */

/* Begin PBXVariantGroup section */
		54059762228EED1E002A892A /* Main.storyboard */ = {
			isa = PBXVariantGroup;
			children = (
				54059763228EED1E002A892A /* Base */,
			);
			name = Main.storyboard;
			sourceTree = "<group>";
		};
		54059767228EED1F002A892A /* LaunchScreen.storyboard */ = {
			isa = PBXVariantGroup;
			children = (
				54059768228EED1F002A892A /* Base */,
			);
			name = LaunchScreen.storyboard;
			sourceTree = "<group>";
		};
/* End PBXVariantGroup section */

/* Begin XCBuildConfiguration section */
		5405976B228EED1F002A892A /* Debug */ = {
			isa = XCBuildConfiguration;
			buildSettings = {
				ALWAYS_SEARCH_USER_PATHS = NO;
				CLANG_ANALYZER_NONNULL = YES;
				CLANG_ANALYZER_NUMBER_OBJECT_CONVERSION = YES_AGGRESSIVE;
				CLANG_CXX_LANGUAGE_STANDARD = "gnu++14";
				CLANG_CXX_LIBRARY = "libc++";
				CLANG_ENABLE_MODULES = YES;
				CLANG_ENABLE_OBJC_ARC = YES;
				CLANG_ENABLE_OBJC_WEAK = YES;
				CLANG_WARN_BLOCK_CAPTURE_AUTORELEASING = YES;
				CLANG_WARN_BOOL_CONVERSION = YES;
				CLANG_WARN_COMMA = YES;
				CLANG_WARN_CONSTANT_CONVERSION = YES;
				CLANG_WARN_DEPRECATED_OBJC_IMPLEMENTATIONS = YES;
				CLANG_WARN_DIRECT_OBJC_ISA_USAGE = YES_ERROR;
				CLANG_WARN_DOCUMENTATION_COMMENTS = YES;
				CLANG_WARN_EMPTY_BODY = YES;
				CLANG_WARN_ENUM_CONVERSION = YES;
				CLANG_WARN_INFINITE_RECURSION = YES;
				CLANG_WARN_INT_CONVERSION = YES;
				CLANG_WARN_NON_LITERAL_NULL_CONVERSION = YES;
				CLANG_WARN_OBJC_IMPLICIT_RETAIN_SELF = YES;
				CLANG_WARN_OBJC_LITERAL_CONVERSION = YES;
				CLANG_WARN_OBJC_ROOT_CLASS = YES_ERROR;
				CLANG_WARN_RANGE_LOOP_ANALYSIS = YES;
				CLANG_WARN_STRICT_PROTOTYPES = YES;
				CLANG_WARN_SUSPICIOUS_MOVE = YES;
				CLANG_WARN_UNGUARDED_AVAILABILITY = YES_AGGRESSIVE;
				CLANG_WARN_UNREACHABLE_CODE = YES;
				CLANG_WARN__DUPLICATE_METHOD_MATCH = YES;
				CODE_SIGN_IDENTITY = "iPhone Developer";
				COPY_PHASE_STRIP = NO;
				DEBUG_INFORMATION_FORMAT = dwarf;
				ENABLE_STRICT_OBJC_MSGSEND = YES;
				ENABLE_TESTABILITY = YES;
				GCC_C_LANGUAGE_STANDARD = gnu11;
				GCC_DYNAMIC_NO_PIC = NO;
				GCC_NO_COMMON_BLOCKS = YES;
				GCC_OPTIMIZATION_LEVEL = 0;
				GCC_PREPROCESSOR_DEFINITIONS = (
					"DEBUG=1",
					"$(inherited)",
				);
				GCC_WARN_64_TO_32_BIT_CONVERSION = YES;
				GCC_WARN_ABOUT_RETURN_TYPE = YES_ERROR;
				GCC_WARN_UNDECLARED_SELECTOR = YES;
				GCC_WARN_UNINITIALIZED_AUTOS = YES_AGGRESSIVE;
				GCC_WARN_UNUSED_FUNCTION = YES;
				GCC_WARN_UNUSED_VARIABLE = YES;
				IPHONEOS_DEPLOYMENT_TARGET = 12.2;
				MTL_ENABLE_DEBUG_INFO = INCLUDE_SOURCE;
				MTL_FAST_MATH = YES;
				ONLY_ACTIVE_ARCH = YES;
				SDKROOT = iphoneos;
				SWIFT_ACTIVE_COMPILATION_CONDITIONS = DEBUG;
				SWIFT_OPTIMIZATION_LEVEL = "-Onone";
			};
			name = Debug;
		};
		5405976C228EED1F002A892A /* Release */ = {
			isa = XCBuildConfiguration;
			buildSettings = {
				ALWAYS_SEARCH_USER_PATHS = NO;
				CLANG_ANALYZER_NONNULL = YES;
				CLANG_ANALYZER_NUMBER_OBJECT_CONVERSION = YES_AGGRESSIVE;
				CLANG_CXX_LANGUAGE_STANDARD = "gnu++14";
				CLANG_CXX_LIBRARY = "libc++";
				CLANG_ENABLE_MODULES = YES;
				CLANG_ENABLE_OBJC_ARC = YES;
				CLANG_ENABLE_OBJC_WEAK = YES;
				CLANG_WARN_BLOCK_CAPTURE_AUTORELEASING = YES;
				CLANG_WARN_BOOL_CONVERSION = YES;
				CLANG_WARN_COMMA = YES;
				CLANG_WARN_CONSTANT_CONVERSION = YES;
				CLANG_WARN_DEPRECATED_OBJC_IMPLEMENTATIONS = YES;
				CLANG_WARN_DIRECT_OBJC_ISA_USAGE = YES_ERROR;
				CLANG_WARN_DOCUMENTATION_COMMENTS = YES;
				CLANG_WARN_EMPTY_BODY = YES;
				CLANG_WARN_ENUM_CONVERSION = YES;
				CLANG_WARN_INFINITE_RECURSION = YES;
				CLANG_WARN_INT_CONVERSION = YES;
				CLANG_WARN_NON_LITERAL_NULL_CONVERSION = YES;
				CLANG_WARN_OBJC_IMPLICIT_RETAIN_SELF = YES;
				CLANG_WARN_OBJC_LITERAL_CONVERSION = YES;
				CLANG_WARN_OBJC_ROOT_CLASS = YES_ERROR;
				CLANG_WARN_RANGE_LOOP_ANALYSIS = YES;
				CLANG_WARN_STRICT_PROTOTYPES = YES;
				CLANG_WARN_SUSPICIOUS_MOVE = YES;
				CLANG_WARN_UNGUARDED_AVAILABILITY = YES_AGGRESSIVE;
				CLANG_WARN_UNREACHABLE_CODE = YES;
				CLANG_WARN__DUPLICATE_METHOD_MATCH = YES;
				CODE_SIGN_IDENTITY = "iPhone Developer";
				COPY_PHASE_STRIP = NO;
				DEBUG_INFORMATION_FORMAT = "dwarf-with-dsym";
				ENABLE_NS_ASSERTIONS = NO;
				ENABLE_STRICT_OBJC_MSGSEND = YES;
				GCC_C_LANGUAGE_STANDARD = gnu11;
				GCC_NO_COMMON_BLOCKS = YES;
				GCC_WARN_64_TO_32_BIT_CONVERSION = YES;
				GCC_WARN_ABOUT_RETURN_TYPE = YES_ERROR;
				GCC_WARN_UNDECLARED_SELECTOR = YES;
				GCC_WARN_UNINITIALIZED_AUTOS = YES_AGGRESSIVE;
				GCC_WARN_UNUSED_FUNCTION = YES;
				GCC_WARN_UNUSED_VARIABLE = YES;
				IPHONEOS_DEPLOYMENT_TARGET = 12.2;
				MTL_ENABLE_DEBUG_INFO = NO;
				MTL_FAST_MATH = YES;
				SDKROOT = iphoneos;
				SWIFT_COMPILATION_MODE = wholemodule;
				SWIFT_OPTIMIZATION_LEVEL = "-O";
				VALIDATE_PRODUCT = YES;
			};
			name = Release;
		};
		5405976E228EED1F002A892A /* Debug */ = {
			isa = XCBuildConfiguration;
			buildSettings = {
				ASSETCATALOG_COMPILER_APPICON_NAME = AppIcon;
				CODE_SIGN_STYLE = Automatic;
				DEVELOPMENT_TEAM = FN93V32P4S;
				INFOPLIST_FILE = GBVKontakteApp/Info.plist;
				LD_RUNPATH_SEARCH_PATHS = (
					"$(inherited)",
					"@executable_path/Frameworks",
				);
				PRODUCT_BUNDLE_IDENTIFIER = DSS.GBVKontakteApp;
				PRODUCT_NAME = "$(TARGET_NAME)";
				SWIFT_VERSION = 5.0;
				TARGETED_DEVICE_FAMILY = "1,2";
			};
			name = Debug;
		};
		5405976F228EED1F002A892A /* Release */ = {
			isa = XCBuildConfiguration;
			buildSettings = {
				ASSETCATALOG_COMPILER_APPICON_NAME = AppIcon;
				CODE_SIGN_STYLE = Automatic;
				DEVELOPMENT_TEAM = FN93V32P4S;
				INFOPLIST_FILE = GBVKontakteApp/Info.plist;
				LD_RUNPATH_SEARCH_PATHS = (
					"$(inherited)",
					"@executable_path/Frameworks",
				);
				PRODUCT_BUNDLE_IDENTIFIER = DSS.GBVKontakteApp;
				PRODUCT_NAME = "$(TARGET_NAME)";
				SWIFT_VERSION = 5.0;
				TARGETED_DEVICE_FAMILY = "1,2";
			};
			name = Release;
		};
/* End XCBuildConfiguration section */

/* Begin XCConfigurationList section */
		54059756228EED1E002A892A /* Build configuration list for PBXProject "GBVKontakteApp" */ = {
			isa = XCConfigurationList;
			buildConfigurations = (
				5405976B228EED1F002A892A /* Debug */,
				5405976C228EED1F002A892A /* Release */,
			);
			defaultConfigurationIsVisible = 0;
			defaultConfigurationName = Release;
		};
		5405976D228EED1F002A892A /* Build configuration list for PBXNativeTarget "GBVKontakteApp" */ = {
			isa = XCConfigurationList;
			buildConfigurations = (
				5405976E228EED1F002A892A /* Debug */,
				5405976F228EED1F002A892A /* Release */,
			);
			defaultConfigurationIsVisible = 0;
			defaultConfigurationName = Release;
		};
/* End XCConfigurationList section */
	};
	rootObject = 54059753228EED1E002A892A /* Project object */;
}
